
Microsoft Visual Studio Solution File, Format Version 12.00
# Visual Studio Version 17
VisualStudioVersion = 17.0.31903.59
MinimumVisualStudioVersion = 10.0.40219.1
Project("{2150E333-8FDC-42A3-9474-1A3956D46DE8}") = "src", "src", "{60FE1AA5-7C91-4E18-9930-978E8508B09A}"
EndProject
Project("{FAE04EC0-301F-11D3-BF4B-00C04F79EFBC}") = "Walker.Cli", "src\Walker.Cli\Walker.Cli.csproj", "{C00C7782-10CD-4607-AE11-DBB8B1DC56A3}"
EndProject
Project("{FAE04EC0-301F-11D3-BF4B-00C04F79EFBC}") = "Walker.Core", "src\Walker.Core\Walker.Core.csproj", "{75D44CC0-6CD1-46E1-B4DD-41286863369E}"
EndProject
Project("{FAE04EC0-301F-11D3-BF4B-00C04F79EFBC}") = "Walker.Execution", "src\Walker.Execution\Walker.Execution.csproj", "{B76DB904-4618-4201-B423-CCD2080EBAE4}"
EndProject
Project("{FAE04EC0-301F-11D3-BF4B-00C04F79EFBC}") = "Walker.Git", "src\Walker.Git\Walker.Git.csproj", "{9E4C9E3E-6496-452A-8AEE-8F85C016E5C9}"
EndProject
Project("{FAE04EC0-301F-11D3-BF4B-00C04F79EFBC}") = "Walker.Roslyn", "src\Walker.Roslyn\Walker.Roslyn.csproj", "{80B3AC3A-C533-4140-B67A-9A7D94F3552F}"
EndProject
Project("{2150E333-8FDC-42A3-9474-1A3956D46DE8}") = "tests", "tests", "{36746554-9953-4418-8ED6-B4DDD68F6E83}"
EndProject
Project("{FAE04EC0-301F-11D3-BF4B-00C04F79EFBC}") = "Walker.Tests", "tests\Walker.Tests\Walker.Tests.csproj", "{020FD411-8849-48C9-8853-5BEE1DED30FF}"
EndProject
Project("{2150E333-8FDC-42A3-9474-1A3956D46DE8}") = "benchmarks", "benchmarks", "{66320409-64EC-F7C5-3DEF-65E7510DAAD1}"
EndProject
Project("{FAE04EC0-301F-11D3-BF4B-00C04F79EFBC}") = "Walker.Benchmarks", "benchmarks\Walker.Benchmarks\Walker.Benchmarks.csproj", "{495BE16B-9D83-40CB-93FA-56BDEEC28FF9}"
EndProject
Project("{FAE04EC0-301F-11D3-BF4B-00C04F79EFBC}") = "Walker.BuildLogger", "src\Walker.BuildLogger\Walker.BuildLogger.csproj", "{25AE7209-90D1-46B9-A08A-18162EC79C26}"
EndProject
Project("{FAE04EC0-301F-11D3-BF4B-00C04F79EFBC}") = "Walker.CoverageCollector", "src\Walker.CoverageCollector\Walker.CoverageCollector.csproj", "{FB8281AD-4079-494B-927B-4245A23A57A2}"
EndProject
Global
	GlobalSection(SolutionConfigurationPlatforms) = preSolution
		Debug|Any CPU = Debug|Any CPU
		Release|Any CPU = Release|Any CPU
	EndGlobalSection
	GlobalSection(SolutionProperties) = preSolution
		HideSolutionNode = FALSE
	EndGlobalSection
	GlobalSection(ProjectConfigurationPlatforms) = postSolution
		{C00C7782-10CD-4607-AE11-DBB8B1DC56A3}.Debug|Any CPU.ActiveCfg = Debug|Any CPU
		{C00C7782-10CD-4607-AE11-DBB8B1DC56A3}.Debug|Any CPU.Build.0 = Debug|Any CPU
		{C00C7782-10CD-4607-AE11-DBB8B1DC56A3}.Release|Any CPU.ActiveCfg = Release|Any CPU
		{C00C7782-10CD-4607-AE11-DBB8B1DC56A3}.Release|Any CPU.Build.0 = Release|Any CPU
		{75D44CC0-6CD1-46E1-B4DD-41286863369E}.Debug|Any CPU.ActiveCfg = Debug|Any CPU
		{75D44CC0-6CD1-46E1-B4DD-41286863369E}.Debug|Any CPU.Build.0 = Debug|Any CPU
		{75D44CC0-6CD1-46E1-B4DD-41286863369E}.Release|Any CPU.ActiveCfg = Release|Any CPU
		{75D44CC0-6CD1-46E1-B4DD-41286863369E}.Release|Any CPU.Build.0 = Release|Any CPU
		{B76DB904-4618-4201-B423-CCD2080EBAE4}.Debug|Any CPU.ActiveCfg = Debug|Any CPU
		{B76DB904-4618-4201-B423-CCD2080EBAE4}.Debug|Any CPU.Build.0 = Debug|Any CPU
		{B76DB904-4618-4201-B423-CCD2080EBAE4}.Release|Any CPU.ActiveCfg = Release|Any CPU
		{B76DB904-4618-4201-B423-CCD2080EBAE4}.Release|Any CPU.Build.0 = Release|Any CPU
		{9E4C9E3E-6496-452A-8AEE-8F85C016E5C9}.Debug|Any CPU.ActiveCfg = Debug|Any CPU
		{9E4C9E3E-6496-452A-8AEE-8F85C016E5C9}.Debug|Any CPU.Build.0 = Debug|Any CPU
		{9E4C9E3E-6496-452A-8AEE-8F85C016E5C9}.Release|Any CPU.ActiveCfg = Release|Any CPU
		{9E4C9E3E-6496-452A-8AEE-8F85C016E5C9}.Release|Any CPU.Build.0 = Release|Any CPU
		{80B3AC3A-C533-4140-B67A-9A7D94F3552F}.Debug|Any CPU.ActiveCfg = Debug|Any CPU
		{80B3AC3A-C533-4140-B67A-9A7D94F3552F}.Debug|Any CPU.Build.0 = Debug|Any CPU
		{80B3AC3A-C533-4140-B67A-9A7D94F3552F}.Release|Any CPU.ActiveCfg = Release|Any CPU
		{80B3AC3A-C533-4140-B67A-9A7D94F3552F}.Release|Any CPU.Build.0 = Release|Any CPU
		{020FD411-8849-48C9-8853-5BEE1DED30FF}.Debug|Any CPU.ActiveCfg = Debug|Any CPU
		{020FD411-8849-48C9-8853-5BEE1DED30FF}.Debug|Any CPU.Build.0 = Debug|Any CPU
		{020FD411-8849-48C9-8853-5BEE1DED30FF}.Release|Any CPU.ActiveCfg = Release|Any CPU
		{020FD411-8849-48C9-8853-5BEE1DED30FF}.Release|Any CPU.Build.0 = Release|Any CPU
		{495BE16B-9D83-40CB-93FA-56BDEEC28FF9}.Debug|Any CPU.ActiveCfg = Debug|Any CPU
		{495BE16B-9D83-40CB-93FA-56BDEEC28FF9}.Debug|Any CPU.Build.0 = Debug|Any CPU
		{495BE16B-9D83-40CB-93FA-56BDEEC28FF9}.Release|Any CPU.ActiveCfg = Release|Any CPU
		{495BE16B-9D83-40CB-93FA-56BDEEC28FF9}.Release|Any CPU.Build.0 = Release|Any CPU
		{25AE7209-90D1-46B9-A08A-18162EC79C26}.Debug|Any CPU.ActiveCfg = Debug|Any CPU
		{25AE7209-90D1-46B9-A08A-18162EC79C26}.Debug|Any CPU.Build.0 = Debug|Any CPU
		{25AE7209-90D1-46B9-A08A-18162EC79C26}.Release|Any CPU.ActiveCfg = Release|Any CPU
		{25AE7209-90D1-46B9-A08A-18162EC79C26}.Release|Any CPU.Build.0 = Release|Any CPU
		{FB8281AD-4079-494B-927B-4245A23A57A2}.Debug|Any CPU.ActiveCfg = Debug|Any CPU
		{FB8281AD-4079-494B-927B-4245A23A57A2}.Debug|Any CPU.Build.0 = Debug|Any CPU
		{FB8281AD-4079-494B-927B-4245A23A57A2}.Release|Any CPU.ActiveCfg = Release|Any CPU
		{FB8281AD-4079-494B-927B-4245A23A57A2}.Release|Any CPU.Build.0 = Release|Any CPU
	EndGlobalSection
	GlobalSection(NestedProjects) = preSolution
		{C00C7782-10CD-4607-AE11-DBB8B1DC56A3} = {60FE1AA5-7C91-4E18-9930-978E8508B09A}
		{75D44CC0-6CD1-46E1-B4DD-41286863369E} = {60FE1AA5-7C91-4E18-9930-978E8508B09A}
		{B76DB904-4618-4201-B423-CCD2080EBAE4} = {60FE1AA5-7C91-4E18-9930-978E8508B09A}
		{9E4C9E3E-6496-452A-8AEE-8F85C016E5C9} = {60FE1AA5-7C91-4E18-9930-978E8508B09A}
		{80B3AC3A-C533-4140-B67A-9A7D94F3552F} = {60FE1AA5-7C91-4E18-9930-978E8508B09A}
		{020FD411-8849-48C9-8853-5BEE1DED30FF} = {36746554-9953-4418-8ED6-B4DDD68F6E83}
		{495BE16B-9D83-40CB-93FA-56BDEEC28FF9} = {66320409-64EC-F7C5-3DEF-65E7510DAAD1}
		{25AE7209-90D1-46B9-A08A-18162EC79C26} = {60FE1AA5-7C91-4E18-9930-978E8508B09A}
		{FB8281AD-4079-494B-927B-4245A23A57A2} = {60FE1AA5-7C91-4E18-9930-978E8508B09A}
	EndGlobalSection
EndGlobal
